
Microsoft Visual Studio Solution File, Format Version 12.00
# Visual Studio Version 16
VisualStudioVersion = 16.0.29209.62
MinimumVisualStudioVersion = 10.0.40219.1
Project("{FAE04EC0-301F-11D3-BF4B-00C04F79EFBC}") = "ExercicioFinal2", "ExercicioFinal2.csproj", "{675245C1-6C1E-49C6-B31E-965A61AC133E}"
EndProject
Global
	GlobalSection(SolutionConfigurationPlatforms) = preSolution
		Debug|Any CPU = Debug|Any CPU
		Release|Any CPU = Release|Any CPU
	EndGlobalSection
	GlobalSection(ProjectConfigurationPlatforms) = postSolution
		{675245C1-6C1E-49C6-B31E-965A61AC133E}.Debug|Any CPU.ActiveCfg = Debug|Any CPU
		{675245C1-6C1E-49C6-B31E-965A61AC133E}.Debug|Any CPU.Build.0 = Debug|Any CPU
		{675245C1-6C1E-49C6-B31E-965A61AC133E}.Release|Any CPU.ActiveCfg = Release|Any CPU
		{675245C1-6C1E-49C6-B31E-965A61AC133E}.Release|Any CPU.Build.0 = Release|Any CPU
	EndGlobalSection
	GlobalSection(SolutionProperties) = preSolution
		HideSolutionNode = FALSE
	EndGlobalSection
	GlobalSection(ExtensibilityGlobals) = postSolution
		SolutionGuid = {6E79D868-0613-4D27-82BA-25B40DADCF16}
	EndGlobalSection
EndGlobal
